
Microsoft Visual Studio Solution File, Format Version 12.00
# Visual Studio 14
VisualStudioVersion = 14.0.25420.1
MinimumVisualStudioVersion = 10.0.40219.1
Project("{2150E333-8FDC-42A3-9474-1A3956D46DE8}") = "Credentials", "Credentials", "{27099445-D792-4601-ADEA-9612FDFA1BA2}"
	ProjectSection(SolutionItems) = preProject
		cred.txt = cred.txt
	EndProjectSection
EndProject
Project("{F184B08F-C81C-45F6-A57F-5ABD9991F28F}") = "ADViewer", "ADViewer\ADViewer\ADViewer.vbproj", "{AFBF2FD0-BD32-4945-9632-9663E95492A5}"
EndProject
Project("{F184B08F-C81C-45F6-A57F-5ABD9991F28F}") = "NetViewer", "NetViewer\NetViewer\NetViewer.vbproj", "{40EDED99-FC88-42BC-9CDC-78AD4B225A5C}"
EndProject
Global
	GlobalSection(SolutionConfigurationPlatforms) = preSolution
		Debug|Any CPU = Debug|Any CPU
		Release|Any CPU = Release|Any CPU
	EndGlobalSection
	GlobalSection(ProjectConfigurationPlatforms) = postSolution
		{AFBF2FD0-BD32-4945-9632-9663E95492A5}.Debug|Any CPU.ActiveCfg = Debug|Any CPU
		{AFBF2FD0-BD32-4945-9632-9663E95492A5}.Debug|Any CPU.Build.0 = Debug|Any CPU
		{AFBF2FD0-BD32-4945-9632-9663E95492A5}.Release|Any CPU.ActiveCfg = Release|Any CPU
		{AFBF2FD0-BD32-4945-9632-9663E95492A5}.Release|Any CPU.Build.0 = Release|Any CPU
		{40EDED99-FC88-42BC-9CDC-78AD4B225A5C}.Debug|Any CPU.ActiveCfg = Debug|Any CPU
		{40EDED99-FC88-42BC-9CDC-78AD4B225A5C}.Debug|Any CPU.Build.0 = Debug|Any CPU
		{40EDED99-FC88-42BC-9CDC-78AD4B225A5C}.Release|Any CPU.ActiveCfg = Release|Any CPU
		{40EDED99-FC88-42BC-9CDC-78AD4B225A5C}.Release|Any CPU.Build.0 = Release|Any CPU
	EndGlobalSection
	GlobalSection(SolutionProperties) = preSolution
		HideSolutionNode = FALSE
	EndGlobalSection
EndGlobal
